
Microsoft Visual Studio Solution File, Format Version 12.00
# Visual Studio 2012
Project("{FAE04EC0-301F-11D3-BF4B-00C04F79EFBC}") = "CsvToSql", "CsvToSql\CsvToSql.csproj", "{31194598-2047-4B40-9488-F80A1EA006C7}"
EndProject
Global
	GlobalSection(SolutionConfigurationPlatforms) = preSolution
		Debug|Any CPU = Debug|Any CPU
		Release|Any CPU = Release|Any CPU
	EndGlobalSection
	GlobalSection(ProjectConfigurationPlatforms) = postSolution
		{31194598-2047-4B40-9488-F80A1EA006C7}.Debug|Any CPU.ActiveCfg = Debug|Any CPU
		{31194598-2047-4B40-9488-F80A1EA006C7}.Debug|Any CPU.Build.0 = Debug|Any CPU
		{31194598-2047-4B40-9488-F80A1EA006C7}.Release|Any CPU.ActiveCfg = Release|Any CPU
		{31194598-2047-4B40-9488-F80A1EA006C7}.Release|Any CPU.Build.0 = Release|Any CPU
	EndGlobalSection
	GlobalSection(SolutionProperties) = preSolution
		HideSolutionNode = FALSE
	EndGlobalSection
EndGlobal
